
Microsoft Visual Studio Solution File, Format Version 12.00
# Visual Studio 15
VisualStudioVersion = 15.0.27130.2027
MinimumVisualStudioVersion = 10.0.40219.1
Project("{FAE04EC0-301F-11D3-BF4B-00C04F79EFBC}") = "SmartHomeApplicationService", "SmartHomeApplicationService\SmartHomeApplicationService.csproj", "{BFE015C6-965A-42F1-9E8B-1C4F77CE5504}"
EndProject
Project("{FAE04EC0-301F-11D3-BF4B-00C04F79EFBC}") = "SmartHomeApplicationService.Tests", "SmartHomeApplicationService.Tests\SmartHomeApplicationService.Tests.csproj", "{A89EBBC2-C0D0-4F08-9DC8-7017B391874F}"
EndProject
Global
	GlobalSection(SolutionConfigurationPlatforms) = preSolution
		Debug|Any CPU = Debug|Any CPU
		Release|Any CPU = Release|Any CPU
	EndGlobalSection
	GlobalSection(ProjectConfigurationPlatforms) = postSolution
		{BFE015C6-965A-42F1-9E8B-1C4F77CE5504}.Debug|Any CPU.ActiveCfg = Debug|Any CPU
		{BFE015C6-965A-42F1-9E8B-1C4F77CE5504}.Debug|Any CPU.Build.0 = Debug|Any CPU
		{BFE015C6-965A-42F1-9E8B-1C4F77CE5504}.Release|Any CPU.ActiveCfg = Release|Any CPU
		{BFE015C6-965A-42F1-9E8B-1C4F77CE5504}.Release|Any CPU.Build.0 = Release|Any CPU
		{A89EBBC2-C0D0-4F08-9DC8-7017B391874F}.Debug|Any CPU.ActiveCfg = Debug|Any CPU
		{A89EBBC2-C0D0-4F08-9DC8-7017B391874F}.Debug|Any CPU.Build.0 = Debug|Any CPU
		{A89EBBC2-C0D0-4F08-9DC8-7017B391874F}.Release|Any CPU.ActiveCfg = Release|Any CPU
		{A89EBBC2-C0D0-4F08-9DC8-7017B391874F}.Release|Any CPU.Build.0 = Release|Any CPU
	EndGlobalSection
	GlobalSection(SolutionProperties) = preSolution
		HideSolutionNode = FALSE
	EndGlobalSection
	GlobalSection(ExtensibilityGlobals) = postSolution
		SolutionGuid = {0EC8F994-43C4-47E5-894B-F896DEFD76B2}
	EndGlobalSection
EndGlobal
